
Microsoft Visual Studio Solution File, Format Version 12.00
# Visual Studio Version 17
VisualStudioVersion = 17.5.33424.131
MinimumVisualStudioVersion = 10.0.40219.1
Project("{9A19103F-16F7-4668-BE54-9A1E7A4F7556}") = "Apps.PhraseTMS", "Apps.Memsource\Apps.PhraseTMS.csproj", "{5537304C-9C97-4119-81FB-8F6DF232AB64}"
EndProject
Project("{FAE04EC0-301F-11D3-BF4B-00C04F79EFBC}") = "ConsoleApp1", "ConsoleApp1\ConsoleApp1.csproj", "{71ACFEBC-3CF3-4D9A-9BB4-3DB40C8FE331}"
EndProject
Global
	GlobalSection(SolutionConfigurationPlatforms) = preSolution
		Debug|Any CPU = Debug|Any CPU
		Release|Any CPU = Release|Any CPU
	EndGlobalSection
	GlobalSection(ProjectConfigurationPlatforms) = postSolution
		{5537304C-9C97-4119-81FB-8F6DF232AB64}.Debug|Any CPU.ActiveCfg = Debug|Any CPU
		{5537304C-9C97-4119-81FB-8F6DF232AB64}.Debug|Any CPU.Build.0 = Debug|Any CPU
		{5537304C-9C97-4119-81FB-8F6DF232AB64}.Release|Any CPU.ActiveCfg = Release|Any CPU
		{5537304C-9C97-4119-81FB-8F6DF232AB64}.Release|Any CPU.Build.0 = Release|Any CPU
		{71ACFEBC-3CF3-4D9A-9BB4-3DB40C8FE331}.Debug|Any CPU.ActiveCfg = Debug|Any CPU
		{71ACFEBC-3CF3-4D9A-9BB4-3DB40C8FE331}.Debug|Any CPU.Build.0 = Debug|Any CPU
		{71ACFEBC-3CF3-4D9A-9BB4-3DB40C8FE331}.Release|Any CPU.ActiveCfg = Release|Any CPU
		{71ACFEBC-3CF3-4D9A-9BB4-3DB40C8FE331}.Release|Any CPU.Build.0 = Release|Any CPU
	EndGlobalSection
	GlobalSection(SolutionProperties) = preSolution
		HideSolutionNode = FALSE
	EndGlobalSection
	GlobalSection(ExtensibilityGlobals) = postSolution
		SolutionGuid = {9B647863-D522-4FE2-AEF9-58B4BB7D409F}
	EndGlobalSection
EndGlobal
